// !$*UTF8*$!
{
	archiveVersion = 1;
	classes = {
	};
	objectVersion = 50;
	objects = {

/* Begin PBXBuildFile section */
		CE8CC8652461A0CF008513F5 /* RatingControl.swift in Sources */ = {isa = PBXBuildFile; fileRef = CE8CC8642461A0CF008513F5 /* RatingControl.swift */; };
		CE8CC8672462E16A008513F5 /* Meal.swift in Sources */ = {isa = PBXBuildFile; fileRef = CE8CC8662462E16A008513F5 /* Meal.swift */; };
		CE8CC8692462EB87008513F5 /* MealTableViewCell.swift in Sources */ = {isa = PBXBuildFile; fileRef = CE8CC8682462EB87008513F5 /* MealTableViewCell.swift */; };
		CE8CC86B2462F307008513F5 /* MealTableViewController.swift in Sources */ = {isa = PBXBuildFile; fileRef = CE8CC86A2462F307008513F5 /* MealTableViewController.swift */; };
		CECA1029245B0B5700449F05 /* AppDelegate.swift in Sources */ = {isa = PBXBuildFile; fileRef = CECA1028245B0B5700449F05 /* AppDelegate.swift */; };
		CECA102B245B0B5700449F05 /* SceneDelegate.swift in Sources */ = {isa = PBXBuildFile; fileRef = CECA102A245B0B5700449F05 /* SceneDelegate.swift */; };
		CECA102D245B0B5700449F05 /* MealViewController.swift in Sources */ = {isa = PBXBuildFile; fileRef = CECA102C245B0B5700449F05 /* MealViewController.swift */; };
		CECA1030245B0B5700449F05 /* Main.storyboard in Resources */ = {isa = PBXBuildFile; fileRef = CECA102E245B0B5700449F05 /* Main.storyboard */; };
		CECA1032245B0B5800449F05 /* Assets.xcassets in Resources */ = {isa = PBXBuildFile; fileRef = CECA1031245B0B5800449F05 /* Assets.xcassets */; };
		CECA1035245B0B5800449F05 /* LaunchScreen.storyboard in Resources */ = {isa = PBXBuildFile; fileRef = CECA1033245B0B5800449F05 /* LaunchScreen.storyboard */; };
		CECA1040245B0B5800449F05 /* Food_TrackerTests.swift in Sources */ = {isa = PBXBuildFile; fileRef = CECA103F245B0B5800449F05 /* Food_TrackerTests.swift */; };
/* End PBXBuildFile section */

/* Begin PBXContainerItemProxy section */
		CECA103C245B0B5800449F05 /* PBXContainerItemProxy */ = {
			isa = PBXContainerItemProxy;
			containerPortal = CECA101D245B0B5700449F05 /* Project object */;
			proxyType = 1;
			remoteGlobalIDString = CECA1024245B0B5700449F05;
			remoteInfo = "Food Tracker";
		};
/* End PBXContainerItemProxy section */

/* Begin PBXFileReference section */
		CE8CC8642461A0CF008513F5 /* RatingControl.swift */ = {isa = PBXFileReference; lastKnownFileType = sourcecode.swift; path = RatingControl.swift; sourceTree = "<group>"; };
		CE8CC8662462E16A008513F5 /* Meal.swift */ = {isa = PBXFileReference; lastKnownFileType = sourcecode.swift; path = Meal.swift; sourceTree = "<group>"; };
		CE8CC8682462EB87008513F5 /* MealTableViewCell.swift */ = {isa = PBXFileReference; lastKnownFileType = sourcecode.swift; path = MealTableViewCell.swift; sourceTree = "<group>"; };
		CE8CC86A2462F307008513F5 /* MealTableViewController.swift */ = {isa = PBXFileReference; lastKnownFileType = sourcecode.swift; path = MealTableViewController.swift; sourceTree = "<group>"; };
		CECA1025245B0B5700449F05 /* Food Tracker.app */ = {isa = PBXFileReference; explicitFileType = wrapper.application; includeInIndex = 0; path = "Food Tracker.app"; sourceTree = BUILT_PRODUCTS_DIR; };
		CECA1028245B0B5700449F05 /* AppDelegate.swift */ = {isa = PBXFileReference; lastKnownFileType = sourcecode.swift; path = AppDelegate.swift; sourceTree = "<group>"; };
		CECA102A245B0B5700449F05 /* SceneDelegate.swift */ = {isa = PBXFileReference; lastKnownFileType = sourcecode.swift; path = SceneDelegate.swift; sourceTree = "<group>"; };
		CECA102C245B0B5700449F05 /* MealViewController.swift */ = {isa = PBXFileReference; lastKnownFileType = sourcecode.swift; path = MealViewController.swift; sourceTree = "<group>"; };
		CECA102F245B0B5700449F05 /* Base */ = {isa = PBXFileReference; lastKnownFileType = file.storyboard; name = Base; path = Base.lproj/Main.storyboard; sourceTree = "<group>"; };
		CECA1031245B0B5800449F05 /* Assets.xcassets */ = {isa = PBXFileReference; lastKnownFileType = folder.assetcatalog; path = Assets.xcassets; sourceTree = "<group>"; };
		CECA1034245B0B5800449F05 /* Base */ = {isa = PBXFileReference; lastKnownFileType = file.storyboard; name = Base; path = Base.lproj/LaunchScreen.storyboard; sourceTree = "<group>"; };
		CECA1036245B0B5800449F05 /* Info.plist */ = {isa = PBXFileReference; lastKnownFileType = text.plist.xml; path = Info.plist; sourceTree = "<group>"; };
		CECA103B245B0B5800449F05 /* Food TrackerTests.xctest */ = {isa = PBXFileReference; explicitFileType = wrapper.cfbundle; includeInIndex = 0; path = "Food TrackerTests.xctest"; sourceTree = BUILT_PRODUCTS_DIR; };
		CECA103F245B0B5800449F05 /* Food_TrackerTests.swift */ = {isa = PBXFileReference; lastKnownFileType = sourcecode.swift; path = Food_TrackerTests.swift; sourceTree = "<group>"; };
		CECA1041245B0B5800449F05 /* Info.plist */ = {isa = PBXFileReference; lastKnownFileType = text.plist.xml; path = Info.plist; sourceTree = "<group>"; };
/* End PBXFileReference section */

/* Begin PBXFrameworksBuildPhase section */
		CECA1022245B0B5700449F05 /* Frameworks */ = {
			isa = PBXFrameworksBuildPhase;
			buildActionMask = 2147483647;
			files = (
			);
			runOnlyForDeploymentPostprocessing = 0;
		};
		CECA1038245B0B5800449F05 /* Frameworks */ = {
			isa = PBXFrameworksBuildPhase;
			buildActionMask = 2147483647;
			files = (
			);
			runOnlyForDeploymentPostprocessing = 0;
		};
/* End PBXFrameworksBuildPhase section */

/* Begin PBXGroup section */
		CECA101C245B0B5700449F05 = {
			isa = PBXGroup;
			children = (
				CECA1027245B0B5700449F05 /* Food Tracker */,
				CECA103E245B0B5800449F05 /* Food TrackerTests */,
				CECA1026245B0B5700449F05 /* Products */,
			);
			sourceTree = "<group>";
		};
		CECA1026245B0B5700449F05 /* Products */ = {
			isa = PBXGroup;
			children = (
				CECA1025245B0B5700449F05 /* Food Tracker.app */,
				CECA103B245B0B5800449F05 /* Food TrackerTests.xctest */,
			);
			name = Products;
			sourceTree = "<group>";
		};
		CECA1027245B0B5700449F05 /* Food Tracker */ = {
			isa = PBXGroup;
			children = (
				CECA1028245B0B5700449F05 /* AppDelegate.swift */,
				CECA102A245B0B5700449F05 /* SceneDelegate.swift */,
				CECA102C245B0B5700449F05 /* MealViewController.swift */,
				CE8CC8642461A0CF008513F5 /* RatingControl.swift */,
				CE8CC8662462E16A008513F5 /* Meal.swift */,
				CE8CC86A2462F307008513F5 /* MealTableViewController.swift */,
				CE8CC8682462EB87008513F5 /* MealTableViewCell.swift */,
				CECA1031245B0B5800449F05 /* Assets.xcassets */,
				CECA102E245B0B5700449F05 /* Main.storyboard */,
				CECA1033245B0B5800449F05 /* LaunchScreen.storyboard */,
				CECA1036245B0B5800449F05 /* Info.plist */,
			);
			path = "Food Tracker";
			sourceTree = "<group>";
		};
		CECA103E245B0B5800449F05 /* Food TrackerTests */ = {
			isa = PBXGroup;
			children = (
				CECA103F245B0B5800449F05 /* Food_TrackerTests.swift */,
				CECA1041245B0B5800449F05 /* Info.plist */,
			);
			path = "Food TrackerTests";
			sourceTree = "<group>";
		};
/* End PBXGroup section */

/* Begin PBXNativeTarget section */
		CECA1024245B0B5700449F05 /* Food Tracker */ = {
			isa = PBXNativeTarget;
			buildConfigurationList = CECA1044245B0B5800449F05 /* Build configuration list for PBXNativeTarget "Food Tracker" */;
			buildPhases = (
				CECA1021245B0B5700449F05 /* Sources */,
				CECA1022245B0B5700449F05 /* Frameworks */,
				CECA1023245B0B5700449F05 /* Resources */,
			);
			buildRules = (
			);
			dependencies = (
			);
			name = "Food Tracker";
			productName = "Food Tracker";
			productReference = CECA1025245B0B5700449F05 /* Food Tracker.app */;
			productType = "com.apple.product-type.application";
		};
		CECA103A245B0B5800449F05 /* Food TrackerTests */ = {
			isa = PBXNativeTarget;
			buildConfigurationList = CECA1047245B0B5800449F05 /* Build configuration list for PBXNativeTarget "Food TrackerTests" */;
			buildPhases = (
				CECA1037245B0B5800449F05 /* Sources */,
				CECA1038245B0B5800449F05 /* Frameworks */,
				CECA1039245B0B5800449F05 /* Resources */,
			);
			buildRules = (
			);
			dependencies = (
				CECA103D245B0B5800449F05 /* PBXTargetDependency */,
			);
			name = "Food TrackerTests";
			productName = "Food TrackerTests";
			productReference = CECA103B245B0B5800449F05 /* Food TrackerTests.xctest */;
			productType = "com.apple.product-type.bundle.unit-test";
		};
/* End PBXNativeTarget section */

/* Begin PBXProject section */
		CECA101D245B0B5700449F05 /* Project object */ = {
			isa = PBXProject;
			attributes = {
				LastSwiftUpdateCheck = 1140;
				LastUpgradeCheck = 1140;
				ORGANIZATIONNAME = "Sopht Inc";
				TargetAttributes = {
					CECA1024245B0B5700449F05 = {
						CreatedOnToolsVersion = 11.4.1;
					};
					CECA103A245B0B5800449F05 = {
						CreatedOnToolsVersion = 11.4.1;
						TestTargetID = CECA1024245B0B5700449F05;
					};
				};
			};
			buildConfigurationList = CECA1020245B0B5700449F05 /* Build configuration list for PBXProject "Food Tracker" */;
			compatibilityVersion = "Xcode 9.3";
			developmentRegion = en;
			hasScannedForEncodings = 0;
			knownRegions = (
				en,
				Base,
			);
			mainGroup = CECA101C245B0B5700449F05;
			productRefGroup = CECA1026245B0B5700449F05 /* Products */;
			projectDirPath = "";
			projectRoot = "";
			targets = (
				CECA1024245B0B5700449F05 /* Food Tracker */,
				CECA103A245B0B5800449F05 /* Food TrackerTests */,
			);
		};
/* End PBXProject section */

/* Begin PBXResourcesBuildPhase section */
		CECA1023245B0B5700449F05 /* Resources */ = {
			isa = PBXResourcesBuildPhase;
			buildActionMask = 2147483647;
			files = (
				CECA1035245B0B5800449F05 /* LaunchScreen.storyboard in Resources */,
				CECA1032245B0B5800449F05 /* Assets.xcassets in Resources */,
				CECA1030245B0B5700449F05 /* Main.storyboard in Resources */,
			);
			runOnlyForDeploymentPostprocessing = 0;
		};
		CECA1039245B0B5800449F05 /* Resources */ = {
			isa = PBXResourcesBuildPhase;
			buildActionMask = 2147483647;
			files = (
			);
			runOnlyForDeploymentPostprocessing = 0;
		};
/* End PBXResourcesBuildPhase section */

/* Begin PBXSourcesBuildPhase section */
		CECA1021245B0B5700449F05 /* Sources */ = {
			isa = PBXSourcesBuildPhase;
			buildActionMask = 2147483647;
			files = (
				CE8CC8672462E16A008513F5 /* Meal.swift in Sources */,
				CE8CC8652461A0CF008513F5 /* RatingControl.swift in Sources */,
				CE8CC86B2462F307008513F5 /* MealTableViewController.swift in Sources */,
				CE8CC8692462EB87008513F5 /* MealTableViewCell.swift in Sources */,
				CECA102D245B0B5700449F05 /* MealViewController.swift in Sources */,
				CECA1029245B0B5700449F05 /* AppDelegate.swift in Sources */,
				CECA102B245B0B5700449F05 /* SceneDelegate.swift in Sources */,
			);
			runOnlyForDeploymentPostprocessing = 0;
		};
		CECA1037245B0B5800449F05 /* Sources */ = {
			isa = PBXSourcesBuildPhase;
			buildActionMask = 2147483647;
			files = (
				CECA1040245B0B5800449F05 /* Food_TrackerTests.swift in Sources */,
			);
			runOnlyForDeploymentPostprocessing = 0;
		};
/* End PBXSourcesBuildPhase section */

/* Begin PBXTargetDependency section */
		CECA103D245B0B5800449F05 /* PBXTargetDependency */ = {
			isa = PBXTargetDependency;
			target = CECA1024245B0B5700449F05 /* Food Tracker */;
			targetProxy = CECA103C245B0B5800449F05 /* PBXContainerItemProxy */;
		};
/* End PBXTargetDependency section */

/* Begin PBXVariantGroup section */
		CECA102E245B0B5700449F05 /* Main.storyboard */ = {
			isa = PBXVariantGroup;
			children = (
				CECA102F245B0B5700449F05 /* Base */,
			);
			name = Main.storyboard;
			sourceTree = "<group>";
		};
		CECA1033245B0B5800449F05 /* LaunchScreen.storyboard */ = {
			isa = PBXVariantGroup;
			children = (
				CECA1034245B0B5800449F05 /* Base */,
			);
			name = LaunchScreen.storyboard;
			sourceTree = "<group>";
		};
/* End PBXVariantGroup section */

/* Begin XCBuildConfiguration section */
		CECA1042245B0B5800449F05 /* Debug */ = {
			isa = XCBuildConfiguration;
			buildSettings = {
				ALWAYS_SEARCH_USER_PATHS = NO;
				CLANG_ANALYZER_NONNULL = YES;
				CLANG_ANALYZER_NUMBER_OBJECT_CONVERSION = YES_AGGRESSIVE;
				CLANG_CXX_LANGUAGE_STANDARD = "gnu++14";
				CLANG_CXX_LIBRARY = "libc++";
				CLANG_ENABLE_MODULES = YES;
				CLANG_ENABLE_OBJC_ARC = YES;
				CLANG_ENABLE_OBJC_WEAK = YES;
				CLANG_WARN_BLOCK_CAPTURE_AUTORELEASING = YES;
				CLANG_WARN_BOOL_CONVERSION = YES;
				CLANG_WARN_COMMA = YES;
				CLANG_WARN_CONSTANT_CONVERSION = YES;
				CLANG_WARN_DEPRECATED_OBJC_IMPLEMENTATIONS = YES;
				CLANG_WARN_DIRECT_OBJC_ISA_USAGE = YES_ERROR;
				CLANG_WARN_DOCUMENTATION_COMMENTS = YES;
				CLANG_WARN_EMPTY_BODY = YES;
				CLANG_WARN_ENUM_CONVERSION = YES;
				CLANG_WARN_INFINITE_RECURSION = YES;
				CLANG_WARN_INT_CONVERSION = YES;
				CLANG_WARN_NON_LITERAL_NULL_CONVERSION = YES;
				CLANG_WARN_OBJC_IMPLICIT_RETAIN_SELF = YES;
				CLANG_WARN_OBJC_LITERAL_CONVERSION = YES;
				CLANG_WARN_OBJC_ROOT_CLASS = YES_ERROR;
				CLANG_WARN_RANGE_LOOP_ANALYSIS = YES;
				CLANG_WARN_STRICT_PROTOTYPES = YES;
				CLANG_WARN_SUSPICIOUS_MOVE = YES;
				CLANG_WARN_UNGUARDED_AVAILABILITY = YES_AGGRESSIVE;
				CLANG_WARN_UNREACHABLE_CODE = YES;
				CLANG_WARN__DUPLICATE_METHOD_MATCH = YES;
				COPY_PHASE_STRIP = NO;
				DEBUG_INFORMATION_FORMAT = dwarf;
				ENABLE_STRICT_OBJC_MSGSEND = YES;
				ENABLE_TESTABILITY = YES;
				GCC_C_LANGUAGE_STANDARD = gnu11;
				GCC_DYNAMIC_NO_PIC = NO;
				GCC_NO_COMMON_BLOCKS = YES;
				GCC_OPTIMIZATION_LEVEL = 0;
				GCC_PREPROCESSOR_DEFINITIONS = (
					"DEBUG=1",
					"$(inherited)",
				);
				GCC_WARN_64_TO_32_BIT_CONVERSION = YES;
				GCC_WARN_ABOUT_RETURN_TYPE = YES_ERROR;
				GCC_WARN_UNDECLARED_SELECTOR = YES;
				GCC_WARN_UNINITIALIZED_AUTOS = YES_AGGRESSIVE;
				GCC_WARN_UNUSED_FUNCTION = YES;
				GCC_WARN_UNUSED_VARIABLE = YES;
				IPHONEOS_DEPLOYMENT_TARGET = 13.4;
				MTL_ENABLE_DEBUG_INFO = INCLUDE_SOURCE;
				MTL_FAST_MATH = YES;
				ONLY_ACTIVE_ARCH = YES;
				SDKROOT = iphoneos;
				SWIFT_ACTIVE_COMPILATION_CONDITIONS = DEBUG;
				SWIFT_OPTIMIZATION_LEVEL = "-Onone";
			};
			name = Debug;
		};
		CECA1043245B0B5800449F05 /* Release */ = {
			isa = XCBuildConfiguration;
			buildSettings = {
				ALWAYS_SEARCH_USER_PATHS = NO;
				CLANG_ANALYZER_NONNULL = YES;
				CLANG_ANALYZER_NUMBER_OBJECT_CONVERSION = YES_AGGRESSIVE;
				CLANG_CXX_LANGUAGE_STANDARD = "gnu++14";
				CLANG_CXX_LIBRARY = "libc++";
				CLANG_ENABLE_MODULES = YES;
				CLANG_ENABLE_OBJC_ARC = YES;
				CLANG_ENABLE_OBJC_WEAK = YES;
				CLANG_WARN_BLOCK_CAPTURE_AUTORELEASING = YES;
				CLANG_WARN_BOOL_CONVERSION = YES;
				CLANG_WARN_COMMA = YES;
				CLANG_WARN_CONSTANT_CONVERSION = YES;
				CLANG_WARN_DEPRECATED_OBJC_IMPLEMENTATIONS = YES;
				CLANG_WARN_DIRECT_OBJC_ISA_USAGE = YES_ERROR;
				CLANG_WARN_DOCUMENTATION_COMMENTS = YES;
				CLANG_WARN_EMPTY_BODY = YES;
				CLANG_WARN_ENUM_CONVERSION = YES;
				CLANG_WARN_INFINITE_RECURSION = YES;
				CLANG_WARN_INT_CONVERSION = YES;
				CLANG_WARN_NON_LITERAL_NULL_CONVERSION = YES;
				CLANG_WARN_OBJC_IMPLICIT_RETAIN_SELF = YES;
				CLANG_WARN_OBJC_LITERAL_CONVERSION = YES;
				CLANG_WARN_OBJC_ROOT_CLASS = YES_ERROR;
				CLANG_WARN_RANGE_LOOP_ANALYSIS = YES;
				CLANG_WARN_STRICT_PROTOTYPES = YES;
				CLANG_WARN_SUSPICIOUS_MOVE = YES;
				CLANG_WARN_UNGUARDED_AVAILABILITY = YES_AGGRESSIVE;
				CLANG_WARN_UNREACHABLE_CODE = YES;
				CLANG_WARN__DUPLICATE_METHOD_MATCH = YES;
				COPY_PHASE_STRIP = NO;
				DEBUG_INFORMATION_FORMAT = "dwarf-with-dsym";
				ENABLE_NS_ASSERTIONS = NO;
				ENABLE_STRICT_OBJC_MSGSEND = YES;
				GCC_C_LANGUAGE_STANDARD = gnu11;
				GCC_NO_COMMON_BLOCKS = YES;
				GCC_WARN_64_TO_32_BIT_CONVERSION = YES;
				GCC_WARN_ABOUT_RETURN_TYPE = YES_ERROR;
				GCC_WARN_UNDECLARED_SELECTOR = YES;
				GCC_WARN_UNINITIALIZED_AUTOS = YES_AGGRESSIVE;
				GCC_WARN_UNUSED_FUNCTION = YES;
				GCC_WARN_UNUSED_VARIABLE = YES;
				IPHONEOS_DEPLOYMENT_TARGET = 13.4;
				MTL_ENABLE_DEBUG_INFO = NO;
				MTL_FAST_MATH = YES;
				SDKROOT = iphoneos;
				SWIFT_COMPILATION_MODE = wholemodule;
				SWIFT_OPTIMIZATION_LEVEL = "-O";
				VALIDATE_PRODUCT = YES;
			};
			name = Release;
		};
		CECA1045245B0B5800449F05 /* Debug */ = {
			isa = XCBuildConfiguration;
			buildSettings = {
				ASSETCATALOG_COMPILER_APPICON_NAME = AppIcon;
				CODE_SIGN_STYLE = Automatic;
				INFOPLIST_FILE = "Food Tracker/Info.plist";
				LD_RUNPATH_SEARCH_PATHS = (
					"$(inherited)",
					"@executable_path/Frameworks",
				);
				PRODUCT_BUNDLE_IDENTIFIER = "com.sopht.Food-Tracker";
				PRODUCT_NAME = "$(TARGET_NAME)";
				SWIFT_VERSION = 5.0;
				TARGETED_DEVICE_FAMILY = "1,2";
			};
			name = Debug;
		};
		CECA1046245B0B5800449F05 /* Release */ = {
			isa = XCBuildConfiguration;
			buildSettings = {
				ASSETCATALOG_COMPILER_APPICON_NAME = AppIcon;
				CODE_SIGN_STYLE = Automatic;
				INFOPLIST_FILE = "Food Tracker/Info.plist";
				LD_RUNPATH_SEARCH_PATHS = (
					"$(inherited)",
					"@executable_path/Frameworks",
				);
				PRODUCT_BUNDLE_IDENTIFIER = "com.sopht.Food-Tracker";
				PRODUCT_NAME = "$(TARGET_NAME)";
				SWIFT_VERSION = 5.0;
				TARGETED_DEVICE_FAMILY = "1,2";
			};
			name = Release;
		};
		CECA1048245B0B5800449F05 /* Debug */ = {
			isa = XCBuildConfiguration;
			buildSettings = {
				ALWAYS_EMBED_SWIFT_STANDARD_LIBRARIES = YES;
				BUNDLE_LOADER = "$(TEST_HOST)";
				CODE_SIGN_STYLE = Automatic;
				INFOPLIST_FILE = "Food TrackerTests/Info.plist";
				IPHONEOS_DEPLOYMENT_TARGET = 13.4;
				LD_RUNPATH_SEARCH_PATHS = (
					"$(inherited)",
					"@executable_path/Frameworks",
					"@loader_path/Frameworks",
				);
				PRODUCT_BUNDLE_IDENTIFIER = "com.sopht.Food-TrackerTests";
				PRODUCT_NAME = "$(TARGET_NAME)";
				SWIFT_VERSION = 5.0;
				TARGETED_DEVICE_FAMILY = "1,2";
				TEST_HOST = "$(BUILT_PRODUCTS_DIR)/Food Tracker.app/Food Tracker";
			};
			name = Debug;
		};
		CECA1049245B0B5800449F05 /* Release */ = {
			isa = XCBuildConfiguration;
			buildSettings = {
				ALWAYS_EMBED_SWIFT_STANDARD_LIBRARIES = YES;
				BUNDLE_LOADER = "$(TEST_HOST)";
				CODE_SIGN_STYLE = Automatic;
				INFOPLIST_FILE = "Food TrackerTests/Info.plist";
				IPHONEOS_DEPLOYMENT_TARGET = 13.4;
				LD_RUNPATH_SEARCH_PATHS = (
					"$(inherited)",
					"@executable_path/Frameworks",
					"@loader_path/Frameworks",
				);
				PRODUCT_BUNDLE_IDENTIFIER = "com.sopht.Food-TrackerTests";
				PRODUCT_NAME = "$(TARGET_NAME)";
				SWIFT_VERSION = 5.0;
				TARGETED_DEVICE_FAMILY = "1,2";
				TEST_HOST = "$(BUILT_PRODUCTS_DIR)/Food Tracker.app/Food Tracker";
			};
			name = Release;
		};
/* End XCBuildConfiguration section */

/* Begin XCConfigurationList section */
		CECA1020245B0B5700449F05 /* Build configuration list for PBXProject "Food Tracker" */ = {
			isa = XCConfigurationList;
			buildConfigurations = (
				CECA1042245B0B5800449F05 /* Debug */,
				CECA1043245B0B5800449F05 /* Release */,
			);
			defaultConfigurationIsVisible = 0;
			defaultConfigurationName = Release;
		};
		CECA1044245B0B5800449F05 /* Build configuration list for PBXNativeTarget "Food Tracker" */ = {
			isa = XCConfigurationList;
			buildConfigurations = (
				CECA1045245B0B5800449F05 /* Debug */,
				CECA1046245B0B5800449F05 /* Release */,
			);
			defaultConfigurationIsVisible = 0;
			defaultConfigurationName = Release;
		};
		CECA1047245B0B5800449F05 /* Build configuration list for PBXNativeTarget "Food TrackerTests" */ = {
			isa = XCConfigurationList;
			buildConfigurations = (
				CECA1048245B0B5800449F05 /* Debug */,
				CECA1049245B0B5800449F05 /* Release */,
			);
			defaultConfigurationIsVisible = 0;
			defaultConfigurationName = Release;
		};
/* End XCConfigurationList section */
	};
	rootObject = CECA101D245B0B5700449F05 /* Project object */;
}
